
Microsoft Visual Studio Solution File, Format Version 12.00
# Visual Studio 15
VisualStudioVersion = 15.0.28307.329
MinimumVisualStudioVersion = 10.0.40219.1
Project("{FAE04EC0-301F-11D3-BF4B-00C04F79EFBC}") = "Variable task", "Variable task\Variable task.csproj", "{ED0E1BF6-DBCF-46BF-ABB9-5D7148116747}"
EndProject
Global
	GlobalSection(SolutionConfigurationPlatforms) = preSolution
		Debug|Any CPU = Debug|Any CPU
		Release|Any CPU = Release|Any CPU
	EndGlobalSection
	GlobalSection(ProjectConfigurationPlatforms) = postSolution
		{ED0E1BF6-DBCF-46BF-ABB9-5D7148116747}.Debug|Any CPU.ActiveCfg = Debug|Any CPU
		{ED0E1BF6-DBCF-46BF-ABB9-5D7148116747}.Debug|Any CPU.Build.0 = Debug|Any CPU
		{ED0E1BF6-DBCF-46BF-ABB9-5D7148116747}.Release|Any CPU.ActiveCfg = Release|Any CPU
		{ED0E1BF6-DBCF-46BF-ABB9-5D7148116747}.Release|Any CPU.Build.0 = Release|Any CPU
	EndGlobalSection
	GlobalSection(SolutionProperties) = preSolution
		HideSolutionNode = FALSE
	EndGlobalSection
	GlobalSection(ExtensibilityGlobals) = postSolution
		SolutionGuid = {1D1815BE-2D50-4AF1-BC1C-2C4AD24D8F55}
	EndGlobalSection
EndGlobal
