
Microsoft Visual Studio Solution File, Format Version 12.00
# Visual Studio 15
VisualStudioVersion = 15.0.28307.329
MinimumVisualStudioVersion = 10.0.40219.1
Project("{FAE04EC0-301F-11D3-BF4B-00C04F79EFBC}") = "python", "python\python.csproj", "{505E92A7-1107-4598-87A0-1ADD4306A9DE}"
EndProject
Global
	GlobalSection(SolutionConfigurationPlatforms) = preSolution
		Debug|Any CPU = Debug|Any CPU
		Release|Any CPU = Release|Any CPU
	EndGlobalSection
	GlobalSection(ProjectConfigurationPlatforms) = postSolution
		{505E92A7-1107-4598-87A0-1ADD4306A9DE}.Debug|Any CPU.ActiveCfg = Debug|Any CPU
		{505E92A7-1107-4598-87A0-1ADD4306A9DE}.Debug|Any CPU.Build.0 = Debug|Any CPU
		{505E92A7-1107-4598-87A0-1ADD4306A9DE}.Release|Any CPU.ActiveCfg = Release|Any CPU
		{505E92A7-1107-4598-87A0-1ADD4306A9DE}.Release|Any CPU.Build.0 = Release|Any CPU
	EndGlobalSection
	GlobalSection(SolutionProperties) = preSolution
		HideSolutionNode = FALSE
	EndGlobalSection
	GlobalSection(ExtensibilityGlobals) = postSolution
		SolutionGuid = {B161BFBE-92C9-4455-B925-3312903DC6FD}
	EndGlobalSection
EndGlobal
